Microsoft Visual Studio Solution File, Format Version 12.00
# Visual Studio Version 17
VisualStudioVersion = 17.5.2.0
MinimumVisualStudioVersion = 10.0.40219.1
Project("{FAE04EC0-301F-11D3-BF4B-00C04F79EFBC}") = "Krabby.Core", "Krabby.Core.csproj", "{20F54904-83BD-314C-A202-BC57BED3FE02}"
EndProject
Global
	GlobalSection(SolutionConfigurationPlatforms) = preSolution
		Debug|Any CPU = Debug|Any CPU
		Release|Any CPU = Release|Any CPU
	EndGlobalSection
	GlobalSection(ProjectConfigurationPlatforms) = postSolution
		{20F54904-83BD-314C-A202-BC57BED3FE02}.Debug|Any CPU.ActiveCfg = Debug|Any CPU
		{20F54904-83BD-314C-A202-BC57BED3FE02}.Debug|Any CPU.Build.0 = Debug|Any CPU
		{20F54904-83BD-314C-A202-BC57BED3FE02}.Release|Any CPU.ActiveCfg = Release|Any CPU
		{20F54904-83BD-314C-A202-BC57BED3FE02}.Release|Any CPU.Build.0 = Release|Any CPU
	EndGlobalSection
	GlobalSection(SolutionProperties) = preSolution
		HideSolutionNode = FALSE
	EndGlobalSection
	GlobalSection(ExtensibilityGlobals) = postSolution
		SolutionGuid = {73BF5C2C-1DF6-4DC2-A917-86D17319625E}
	EndGlobalSection
EndGlobal
